dependencies:
- name: common
  repository: https://charts.bitnami.com/bitnami
  version: 2.2.1
- name: redis
  repository: https://charts.bitnami.com/bitnami
  version: 17.3.14
digest: sha256:5202ce038c813cc0d94a3d72fd59dd855852f55040002a5fae51115c81a00893
generated: "2022-12-12T01:28:53.673294+01:00"
