dependencies:
- name: common
  repository: https://charts.bitnami.com/bitnami
  version: 2.14.1
- name: redis
  repository: https://charts.bitnami.com/bitnami
  version: 17.3.18
digest: sha256:f328851324e68e5b7c171e543313f2c4d8a28c966657c2b05c984893cc45739e
generated: "2024-02-12T17:39:01.256040449+01:00"
